
Microsoft Visual Studio Solution File, Format Version 12.00
Project("{FAE04EC0-301F-11D3-BF4B-00C04F79EFBC}") = "Project-Runners.Application", "Project-Runners.Application\Project-Runners.Application.csproj", "{AECF64AF-EBD2-4AD7-8B41-BF9C361B72E9}"
EndProject
Project("{FAE04EC0-301F-11D3-BF4B-00C04F79EFBC}") = "Project-Runners.Data", "Project-Runners.Data\Project-Runners.Data.csproj", "{39BC1A70-C357-448E-865F-673BA43281B4}"
EndProject
Project("{FAE04EC0-301F-11D3-BF4B-00C04F79EFBC}") = "Project-Runners.Web", "Project-Runners.Web\Project-Runners.Web.csproj", "{1D8F17C7-2697-47ED-B725-5012757AA3F8}"
EndProject
Project("{2150E333-8FDC-42A3-9474-1A3956D46DE8}") = "Web application", "Web application", "{658EF8C4-A975-447E-B3E7-82B90FDDD165}"
EndProject
Project("{2150E333-8FDC-42A3-9474-1A3956D46DE8}") = "Runner", "Runner", "{85972C32-BFD6-4453-9844-0E0920024A36}"
EndProject
Project("{FAE04EC0-301F-11D3-BF4B-00C04F79EFBC}") = "Project-Runners.Runner", "Project-Runners.Runner\Project-Runners.Runner.csproj", "{DF8900FD-7275-41B9-A1DF-55E40F7902A4}"
EndProject
Project("{2150E333-8FDC-42A3-9474-1A3956D46DE8}") = "Common", "Common", "{6CB5B377-E809-4060-8FB2-4E7112ACD6C3}"
EndProject
Project("{FAE04EC0-301F-11D3-BF4B-00C04F79EFBC}") = "ProjectRunners.Common", "ProjectRunners.Common\ProjectRunners.Common.csproj", "{48DF142A-18FF-4D50-AB77-04FAFCE79C7A}"
EndProject
Project("{FAE04EC0-301F-11D3-BF4B-00C04F79EFBC}") = "ProjectRunners.Common.Proto", "ProjectRunners.Common.Proto\ProjectRunners.Common.Proto.csproj", "{CA6CE397-43EF-4263-9B6D-87805FEBEB32}"
EndProject
Project("{2150E333-8FDC-42A3-9474-1A3956D46DE8}") = "Frontend", "Frontend", "{1E3784CC-3439-44FA-BB98-C5140919231F}"
EndProject
Project("{FAE04EC0-301F-11D3-BF4B-00C04F79EFBC}") = "Project-Runners.Frontend", "Project-Runners.Frontend\Project-Runners.Frontend.csproj", "{09264A90-8D80-40F6-8322-2816F0862EC1}"
EndProject
Project("{FAE04EC0-301F-11D3-BF4B-00C04F79EFBC}") = "ProjectRunners.Common.MappingExtensions", "ProjectRunners.Common.MappingExtensions\ProjectRunners.Common.MappingExtensions.csproj", "{C6E85D14-C3FC-4FF2-8636-918C78445A34}"
EndProject
Global
	GlobalSection(SolutionConfigurationPlatforms) = preSolution
		Debug|Any CPU = Debug|Any CPU
		Release|Any CPU = Release|Any CPU
	EndGlobalSection
	GlobalSection(ProjectConfigurationPlatforms) = postSolution
		{AECF64AF-EBD2-4AD7-8B41-BF9C361B72E9}.Debug|Any CPU.ActiveCfg = Debug|Any CPU
		{AECF64AF-EBD2-4AD7-8B41-BF9C361B72E9}.Debug|Any CPU.Build.0 = Debug|Any CPU
		{AECF64AF-EBD2-4AD7-8B41-BF9C361B72E9}.Release|Any CPU.ActiveCfg = Release|Any CPU
		{AECF64AF-EBD2-4AD7-8B41-BF9C361B72E9}.Release|Any CPU.Build.0 = Release|Any CPU
		{39BC1A70-C357-448E-865F-673BA43281B4}.Debug|Any CPU.ActiveCfg = Debug|Any CPU
		{39BC1A70-C357-448E-865F-673BA43281B4}.Debug|Any CPU.Build.0 = Debug|Any CPU
		{39BC1A70-C357-448E-865F-673BA43281B4}.Release|Any CPU.ActiveCfg = Release|Any CPU
		{39BC1A70-C357-448E-865F-673BA43281B4}.Release|Any CPU.Build.0 = Release|Any CPU
		{1D8F17C7-2697-47ED-B725-5012757AA3F8}.Debug|Any CPU.ActiveCfg = Debug|Any CPU
		{1D8F17C7-2697-47ED-B725-5012757AA3F8}.Debug|Any CPU.Build.0 = Debug|Any CPU
		{1D8F17C7-2697-47ED-B725-5012757AA3F8}.Release|Any CPU.ActiveCfg = Release|Any CPU
		{1D8F17C7-2697-47ED-B725-5012757AA3F8}.Release|Any CPU.Build.0 = Release|Any CPU
		{DF8900FD-7275-41B9-A1DF-55E40F7902A4}.Debug|Any CPU.ActiveCfg = Debug|Any CPU
		{DF8900FD-7275-41B9-A1DF-55E40F7902A4}.Debug|Any CPU.Build.0 = Debug|Any CPU
		{DF8900FD-7275-41B9-A1DF-55E40F7902A4}.Release|Any CPU.ActiveCfg = Release|Any CPU
		{DF8900FD-7275-41B9-A1DF-55E40F7902A4}.Release|Any CPU.Build.0 = Release|Any CPU
		{48DF142A-18FF-4D50-AB77-04FAFCE79C7A}.Debug|Any CPU.ActiveCfg = Debug|Any CPU
		{48DF142A-18FF-4D50-AB77-04FAFCE79C7A}.Debug|Any CPU.Build.0 = Debug|Any CPU
		{48DF142A-18FF-4D50-AB77-04FAFCE79C7A}.Release|Any CPU.ActiveCfg = Release|Any CPU
		{48DF142A-18FF-4D50-AB77-04FAFCE79C7A}.Release|Any CPU.Build.0 = Release|Any CPU
		{CA6CE397-43EF-4263-9B6D-87805FEBEB32}.Debug|Any CPU.ActiveCfg = Debug|Any CPU
		{CA6CE397-43EF-4263-9B6D-87805FEBEB32}.Debug|Any CPU.Build.0 = Debug|Any CPU
		{CA6CE397-43EF-4263-9B6D-87805FEBEB32}.Release|Any CPU.ActiveCfg = Release|Any CPU
		{CA6CE397-43EF-4263-9B6D-87805FEBEB32}.Release|Any CPU.Build.0 = Release|Any CPU
		{09264A90-8D80-40F6-8322-2816F0862EC1}.Debug|Any CPU.ActiveCfg = Debug|Any CPU
		{09264A90-8D80-40F6-8322-2816F0862EC1}.Debug|Any CPU.Build.0 = Debug|Any CPU
		{09264A90-8D80-40F6-8322-2816F0862EC1}.Release|Any CPU.ActiveCfg = Release|Any CPU
		{09264A90-8D80-40F6-8322-2816F0862EC1}.Release|Any CPU.Build.0 = Release|Any CPU
		{C6E85D14-C3FC-4FF2-8636-918C78445A34}.Debug|Any CPU.ActiveCfg = Debug|Any CPU
		{C6E85D14-C3FC-4FF2-8636-918C78445A34}.Debug|Any CPU.Build.0 = Debug|Any CPU
		{C6E85D14-C3FC-4FF2-8636-918C78445A34}.Release|Any CPU.ActiveCfg = Release|Any CPU
		{C6E85D14-C3FC-4FF2-8636-918C78445A34}.Release|Any CPU.Build.0 = Release|Any CPU
	EndGlobalSection
	GlobalSection(NestedProjects) = preSolution
		{AECF64AF-EBD2-4AD7-8B41-BF9C361B72E9} = {658EF8C4-A975-447E-B3E7-82B90FDDD165}
		{39BC1A70-C357-448E-865F-673BA43281B4} = {658EF8C4-A975-447E-B3E7-82B90FDDD165}
		{1D8F17C7-2697-47ED-B725-5012757AA3F8} = {658EF8C4-A975-447E-B3E7-82B90FDDD165}
		{DF8900FD-7275-41B9-A1DF-55E40F7902A4} = {85972C32-BFD6-4453-9844-0E0920024A36}
		{48DF142A-18FF-4D50-AB77-04FAFCE79C7A} = {6CB5B377-E809-4060-8FB2-4E7112ACD6C3}
		{CA6CE397-43EF-4263-9B6D-87805FEBEB32} = {6CB5B377-E809-4060-8FB2-4E7112ACD6C3}
		{1E3784CC-3439-44FA-BB98-C5140919231F} = {658EF8C4-A975-447E-B3E7-82B90FDDD165}
		{09264A90-8D80-40F6-8322-2816F0862EC1} = {1E3784CC-3439-44FA-BB98-C5140919231F}
		{C6E85D14-C3FC-4FF2-8636-918C78445A34} = {6CB5B377-E809-4060-8FB2-4E7112ACD6C3}
	EndGlobalSection
EndGlobal
